github.com/456vv/vbody/v2 v2.2.1 h1:Smus+SP3a2KsjURsjquabjRptR6QFADmWrJfFnqoXZw=
github.com/456vv/vbody/v2 v2.2.1/go.mod h1:rx8M/whn33daASALiGT26lOgUpbYD0X2W0NEC4qNeaM=
github.com/456vv/vcipher v1.0.0 h1:x0KzczszTUxR71JSB1oig1xTgVTgMQjAaukPPXdyTJk=
github.com/456vv/vcipher v1.0.0/go.mod h1:Ib5Q1Jj8l4nHlS7GZ3MDwWFsJzQ8slCxZjWFRYbhAmQ=
github.com/456vv/vconn v1.4.6 h1:eRREGA0I7MVJCOzlNFDTH/+6RxAl3zNnLEiqtLjGSk8=
github.com/456vv/vconn v1.4.6/go.mod h1:POQ1JYw/C2wILmH8WUYVrPlFUXTimITzxbUwLSDzLv0=
github.com/456vv/vconnpool/v3 v3.2.11 h1:d5tgC3LpysqnRXA71KemAe9Z054NxpmkA2KNdBm6jXM=
github.com/456vv/vconnpool/v3 v3.2.11/go.mod h1:rrFXMDVs/wZjt7xiAN6XHpX9Pq7QAWgu5/smWps0Uwg=
github.com/456vv/verifycode v1.0.3 h1:N/1px3+5s5nreQKErl/bKKLTsmOa87OpO+8Zpp6j4r4=
github.com/456vv/verifycode v1.0.3/go.mod h1:sO5bsEpPw9a6IhIq6NDeY0K2uxofZ9oFwgRQ45P/Dao=
github.com/456vv/vforward/v2 v2.0.1 h1:wehPjX3uhVsqn4fkD2BPR1yzyo3McNxujcoGUaVgyZs=
github.com/456vv/vforward/v2 v2.0.1/go.mod h1:TCjkcLFNWP3VhWUPCE2XHTwsjis81Cw9rGEEJgv00o0=
github.com/456vv/vmap/v2 v2.3.5 h1:fszT3m70GQ7rDeZ1mjUtpYIkUw76GZOOaMSMyl/WRhs=
github.com/456vv/vmap/v2 v2.3.5/go.mod h1:+tSy8LEBuQ8GZIt+Zu9aIZkIdFeZoK9BSg98vsVmONY=
github.com/456vv/vweb/v3 v3.2.0 h1:uUpsD+S+SKViXLEZjwh5WYNHksIsXu1c1Uj7Zj78hPs=
github.com/456vv/vweb/v3 v3.2.0/go.mod h1:wiZB205T9ZgKiyCblOsEEUq4/bXoMwQF1zR2FqYhkgw=
github.com/456vv/x/db v0.0.0-20260630031248-11d1612a683b h1:hn4NF7Pol31Y+Fr9X8zRLHbNNRqYHbSg8FM1ib7QQWs=
github.com/456vv/x/db v0.0.0-20260630031248-11d1612a683b/go.mod h1:72/qi8zqSWDr8JkjYR94WU7lqcp6DmvzXNoGmxEQFk8=
github.com/456vv/x/igop_lib v0.0.0-20260630032329-e02fd92280da h1:I145PE4bQObWTgb3LZzBvPwwHtwD7bwCR3At03YbX04=
github.com/456vv/x/igop_lib v0.0.0-20260630032329-e02fd92280da/go.mod h1:n10sOy1c3H6/4q7dJwGN0CJ85F/UOo3TSlONc6kKBw0=
github.com/456vv/x/smtp v0.0.0-20260630032329-e02fd92280da h1:jwToo8QTkntyJRv2xCfpcvoIf18ZNabPM8Oo+5cky6I=
github.com/456vv/x/smtp v0.0.0-20260630032329-e02fd92280da/go.mod h1:6D5iOscmKNvKoYLoNWpY7lrEMIlvneBI7/5veli+jTI=
github.com/456vv/x/sqltable v0.0.0-20260630032329-e02fd92280da h1:OeUp5wzArG0z8uA9uRpGIqMMLERD/MysQlI3YLzX0hs=
github.com/456vv/x/sqltable v0.0.0-20260630032329-e02fd92280da/go.mod h1:6H596KA5OBsx1b/nSnR5oq1dOVWhy4TjCHhDJZazwJU=
github.com/456vv/x/tcptest v0.0.0-20260630022949-0cb02e5dd3f8 h1:VyxXQWOWRhBLrpdsUAYhaulXNVDFL1e3jJ3Vk21NKP8=
github.com/456vv/x/tcptest v0.0.0-20260630022949-0cb02e5dd3f8/go.mod h1:eBFILcRPOZsfy3dZ5KxrvpD+vg6ppTHDgtkPlwRCEiY=
github.com/456vv/x/ticker v0.0.0-20260630032329-e02fd92280da h1:8fVb8x6/1r6+yuI7X5SjZx7M84tbswCYceBKMls4mq8=
github.com/456vv/x/ticker v0.0.0-20260630032329-e02fd92280da/go.mod h1:c1//DwOiYw/UPUJV8RUrYK1PCy5ED12pqe+td0UM2VU=
github.com/456vv/x/watch v0.0.0-20260630032329-e02fd92280da h1:EuHws10QEuTnZhqB9sRHhG0C5dfxUf+DsbQbqyyXUlY=
github.com/456vv/x/watch v0.0.0-20260630032329-e02fd92280da/go.mod h1:T9WjAYuyCGyLnBhR6Da6OBTauUFwZzjy5HLGaw88Vok=
github.com/456vv/x/yaegi_lib v0.0.0-20260630031248-11d1612a683b h1:62PZAskS4eE/gaZTFm3zdJY48BBzMZmkWKvZIMWLfDQ=
github.com/456vv/x/yaegi_lib v0.0.0-20260630031248-11d1612a683b/go.mod h1:hpuVh9KKzKQSCxprAOcLwhN1mfvN3Q1wJRXOoxs17NY=
github.com/creack/pty v1.1.9/go.mod h1:oKZEueFk5CKHvIhNR5MUki03XCEU+Q6VDXinZuGJ33E=
github.com/davecgh/go-spew v1.1.2-0.20180830191138-d8f796af33cc h1:U9qPSI2PIWSS1VwoXQT9A3Wy9MM3WgvqSxFWenqJduM=
github.com/davecgh/go-spew v1.1.2-0.20180830191138-d8f796af33cc/go.mod h1:J7Y8YcW2NihsgmVo/mv3lAwl/skON4iLHjSsI+c5H38=
github.com/fsnotify/fsnotify v1.10.1 h1:b0/UzAf9yR5rhf3RPm9gf3ehBPpf0oZKIjtpKrx59Ho=
github.com/fsnotify/fsnotify v1.10.1/go.mod h1:TLheqan6HD6GBK6PrDWyDPBaEV8LspOxvPSjC+bVfgo=
github.com/golang/freetype v0.0.0-20170609003504-e2365dfdc4a0 h1:DACJavvAHhabrF08vX0COfcOBJRhZ8lUbR+ZWIs0Y5g=
github.com/golang/freetype v0.0.0-20170609003504-e2365dfdc4a0/go.mod h1:E/TSTwGwJL78qG/PmXZO1EjYhfJinVAhrmmHX6Z8B9k=
github.com/google/go-cmp v0.6.0 h1:ofyhxvXcZhMsU5ulbFiLKl/XBFqE1GSq7atu8tAmTRI=
github.com/google/go-cmp v0.6.0/go.mod h1:17dUlkBOakJ0+DkrSSNjCkIjxS6bF9zb3elmeNGIjoY=
github.com/goplus/ixgo v1.1.7 h1:f6MydNm8OwOHxYRv8Dx09gM3Sqqwdw7Yd7XmxOh6oJY=
github.com/goplus/ixgo v1.1.7/go.mod h1:Vc7BueQfL4x7nrkYlvNz+xtMiCeABvQ562eymBORhBM=
github.com/goplus/ixgo v1.2.1 h1:LVASA6fRpKUEVK6JZ1N08ha+PcDyH1YyC94h9WVE4h4=
github.com/goplus/ixgo v1.2.1/go.mod h1:zVmuhWwM4zSJ7XxMZN1MgHXm164OkFjBuEu97bAPklY=
github.com/goplus/reflectx v1.7.8 h1:93QqOlyMdbb05l5SrQbx9FLU2zXkvT89gcEdoNVFvWE=
github.com/goplus/reflectx v1.7.8/go.mod h1:EXX8KSPTmnb2W1PfyVkDC0Qwet0lYX2h2/S06Vhwrhw=
github.com/goplus/reflectx v1.8.2 h1:iHjKg4Ehtqfla2XstCNT93abeSy+NFwX/g1ZRCbt7yw=
github.com/goplus/reflectx v1.8.2/go.mod h1:EXX8KSPTmnb2W1PfyVkDC0Qwet0lYX2h2/S06Vhwrhw=
github.com/hashicorp/golang-lru/v2 v2.0.7 h1:a+bsQ5rvGLjzHuww6tVxozPZFVghXaHOwFs4luLUK2k=
github.com/hashicorp/golang-lru/v2 v2.0.7/go.mod h1:QeFd9opnmA6QUJc5vARoKUSoFhyfM2/ZepoAG6RGpeM=
github.com/issue9/assert/v2 v2.3.2 h1:J8TxGeak/CvrMchXHjs9CFChsZvpX0hGE/HTnwT6L+8=
github.com/issue9/assert/v2 v2.3.2/go.mod h1:rKr1eVGzXUhAo2af1thiKAhIA8uiSK9Wyn7mcZ4BzAg=
github.com/issue9/assert/v4 v4.3.1 h1:dHYODk1yV7j/1baIB6K6UggI4r1Hfuljqic7PaDbwLg=
github.com/issue9/assert/v4 v4.3.1/go.mod h1:v7qDRXi7AsaZZNh8eAK2rkLJg5/clztqQGA1DRv9Lv4=
github.com/kr/pretty v0.2.1/go.mod h1:ipq/a2n7PKx3OHsz4KJII5eveXtPO4qwEXGdVfWzfnI=
github.com/kr/pretty v0.3.1 h1:flRD4NNwYAUpkphVc1HcthR4KEIFJ65n8Mw5qdRn3LE=
github.com/kr/pretty v0.3.1/go.mod h1:hoEshYVHaxMs3cyo3Yncou5ZscifuDolrwPKZanG3xk=
github.com/kr/pty v1.1.1/go.mod h1:pFQYn66WHrOpPYNljwOMqo10TkYh1fy3cYio2l3bCsQ=
github.com/kr/text v0.1.0/go.mod h1:4Jbv+DJW3UT/LiOwJeYQe1efqtUx/iVham/4vfdArNI=
github.com/kr/text v0.2.0 h1:5Nx0Ya0ZqY2ygV366QzturHI13Jq95ApcVaJBhpS+AY=
github.com/kr/text v0.2.0/go.mod h1:eLer722TekiGuMkidMxC/pM04lWEeraHUUmBw8l2grE=
github.com/libp2p/go-reuseport v0.4.0 h1:nR5KU7hD0WxXCJbmw7r2rhRYruNRl2koHw8fQscQm2s=
github.com/libp2p/go-reuseport v0.4.0/go.mod h1:ZtI03j/wO5hZVDFo2jKywN6bYKWLOy8Se6DrI2E1cLU=
github.com/mattn/go-sqlite3 v1.14.50 h1:dmdFvo1XG4MPzA4IkAmE9upVz/Nj31uRoM5+jC8hYbY=
github.com/mattn/go-sqlite3 v1.14.50/go.mod h1:6JTjA44L93a0QCyJef5YvlPoKXntQPjzWv5gtm9sB6w=
github.com/pelletier/go-toml/v2 v2.4.3 h1:GTRvJQutkOSftxIFD5xw9aepkYNuPWmVJpffdDPYVpY=
github.com/pelletier/go-toml/v2 v2.4.3/go.mod h1:2gIqNv+qfxSVS7cM2xJQKtLSTLUE9V8t9Stt+h56mCY=
github.com/pkg/diff v0.0.0-20210226163009-20ebb0f2a09e/go.mod h1:pJLUxLENpZxwdsKMEsNbx1VGcRFpLqf3715MtcvvzbA=
github.com/pmezard/go-difflib v1.0.1-0.20181226105442-5d4384ee4fb2 h1:Jamvg5psRIccs7FGNTlIRMkT8wgtp5eCXdBlqhYGL6U=
github.com/pmezard/go-difflib v1.0.1-0.20181226105442-5d4384ee4fb2/go.mod h1:iKH77koFhYxTK1pcRnkKkqfTogsbg7gZNVY4sRDYZ/4=
github.com/rogpeppe/go-internal v1.9.0/go.mod h1:WtVeX8xhTBvf0smdhujwtBcq4Qrzq/fJaraNFVN+nFs=
github.com/rogpeppe/go-internal v1.14.1 h1:UQB4HGPB6osV0SQTLymcB4TgvyWu6ZyliaW0tI/otEQ=
github.com/rogpeppe/go-internal v1.14.1/go.mod h1:MaRKkUm5W0goXpeCfT7UZI6fk/L7L7so1lCWt35ZSgc=
github.com/stretchr/testify v1.10.0 h1:Xv5erBjTwe/5IxqUQTdXv5kgmIvbHo3QQyRwhJsOfJA=
github.com/stretchr/testify v1.10.0/go.mod h1:r2ic/lqez/lEtzL7wO/rwa5dbSLXVDPFyf8C91i36aY=
github.com/tetratelabs/wazero v1.12.0 h1:DuWcpNu/FzgEXgGBDp8J1Spc+CWOvvtvVyjKlaZopYU=
github.com/tetratelabs/wazero v1.12.0/go.mod h1:LvKtzl2RqO4gyF27BiXU+nKAjcV8f38U+kP/q2vgxh0=
github.com/tidwall/gjson v1.14.2/go.mod h1:/wbyibRr2FHMks5tjHJ5F8dMZh3AcwJEMf5vlfC0lxk=
github.com/tidwall/gjson v1.19.0 h1:xwxm7n691Uf3u5OFjzngavjGTh55KX5q/9w9xHW88JU=
github.com/tidwall/gjson v1.19.0/go.mod h1:V37/opeE/JbLUOfH0QTXiNez2l0RUjYUhpT4szFQAfc=
github.com/tidwall/match v1.1.1/go.mod h1:eRSPERbgtNPcGhD8UCthc6PmLEQXEWd3PRB5JTxsfmM=
github.com/tidwall/match v1.2.0 h1:0pt8FlkOwjN2fPt4bIl4BoNxb98gGHN2ObFEDkrfZnM=
github.com/tidwall/match v1.2.0/go.mod h1:eRSPERbgtNPcGhD8UCthc6PmLEQXEWd3PRB5JTxsfmM=
github.com/tidwall/pretty v1.2.0/go.mod h1:ITEVvHYasfjBbM0u2Pg8T2nJnzm8xPwvNhhsoaGGjNU=
github.com/tidwall/pretty v1.2.1 h1:qjsOFOWWQl+N3RsoF5/ssm1pHmJJwhjlSbZ51I6wMl4=
github.com/tidwall/pretty v1.2.1/go.mod h1:ITEVvHYasfjBbM0u2Pg8T2nJnzm8xPwvNhhsoaGGjNU=
github.com/tidwall/sjson v1.2.5 h1:kLy8mja+1c9jlljvWTlSazM7cKDRfJuR/bOJhcY5NcY=
github.com/tidwall/sjson v1.2.5/go.mod h1:Fvgq9kS/6ociJEDnK0Fk1cpYF4FIW6ZF7LAe+6jwd28=
github.com/traefik/yaegi v0.16.1 h1:f1De3DVJqIDKmnasUF6MwmWv1dSEEat0wcpXhD2On3E=
github.com/traefik/yaegi v0.16.1/go.mod h1:4eVhbPb3LnD2VigQjhYbEJ69vDRFdT2HQNrXx8eEwUY=
github.com/visualfc/funcval v0.1.5 h1:jR21zdx0pFk4nUzmutrFZL6EiRuMYR/ZaD+KOzTwyEk=
github.com/visualfc/funcval v0.1.5/go.mod h1:3Izv+irhArmrTvy+lmL6pIq16gSOzx73CIka51J9eR0=
github.com/visualfc/gid v0.3.5 h1:VTwRXFXV0eQGaZZbbnSDme1k5AHySQw2tcPHhUuYNrU=
github.com/visualfc/gid v0.3.5/go.mod h1:N0s4EB3rVkkKeAJTKCNYTyYJ9Z4ntg7AQ+FNBc2zBHw=
github.com/visualfc/gid v0.3.6 h1:3oJneErqSoaCoW+EhPlzRA4BXcmQKqMXolX0u+5K5IY=
github.com/visualfc/gid v0.3.6/go.mod h1:N0s4EB3rVkkKeAJTKCNYTyYJ9Z4ntg7AQ+FNBc2zBHw=
github.com/visualfc/goembed v0.3.4 h1:foORJ0KT/pKwA23dStPFOtxaW7F96PnNSiLXHVXrfVk=
github.com/visualfc/goembed v0.3.4/go.mod h1:jCVCz/yTJGyslo6Hta+pYxWWBuq9ADCcIVZBTQ0/iVI=
github.com/visualfc/xtype v0.3.3 h1:XnR+5mgVPaZdv3ZjcObsHEzFl7w2Wny/iYTivI+J8Xg=
github.com/visualfc/xtype v0.3.3/go.mod h1:VYIH9S2bmdWKlBb7c725ES6yKF9+pyHBU2SFNqGVMGM=
golang.org/x/crypto v0.56.0 h1:GUh5Ii4J5jtcseSMiRqr1jXCNHoxjeV9Fmekc2oLy6Y=
golang.org/x/crypto v0.56.0/go.mod h1:OMW5y6CY9l38uPLmxU6l6pwcXp1obtLo3e6gT7gQR2I=
golang.org/x/image v0.45.0 h1:FMb1nTbH5H9vF55SriQHgFw5GnNL9Jg6L25BwXKzhB0=
golang.org/x/image v0.45.0/go.mod h1:n62x/7RqlwXDvGsSU4u6IUTUf6KghUZ9Bt7cG/T9Fx4=
golang.org/x/mod v0.40.0 h1:hUv+3cXcdRHz08UmSiOob7sadHig73uo5bkXxQ/tvUs=
golang.org/x/mod v0.40.0/go.mod h1:0/weTWkPWGBikyTWAX3dkjVztMmBA5hM0DH6BElSupE=
golang.org/x/net v0.58.0 h1:ynWG7rqYi4ccpTEuPZ2QGWHktVEM9DMCj9yzDE0Q7To=
golang.org/x/net v0.58.0/go.mod h1:YwCddHnFlT7eLQqVprV19OnhLGtc5xOKgE0RyqgfWAU=
golang.org/x/sync v0.22.0 h1:SZjpbeLmrCk4xhRSZFNZW5gFUeCeFgjekvI/+gfScek=
golang.org/x/sync v0.22.0/go.mod h1:9xrNwdLfx4jkKbNva9FpL6vEN7evnE43NNNJQ2LF3+0=
golang.org/x/sys v0.47.0 h1:o7XGOvZQCADBQQ4Y7VNq2dRWQR7JmOUW8Kxx4ZsNgWs=
golang.org/x/sys v0.47.0/go.mod h1:4GL1E5IUh+htKOUEOaiffhrAeqysfVGipDYzABqnCmw=
golang.org/x/sys v0.48.0 h1:bbX/i/6MgT9BVLM9RT1thmxL04yeTAhbEz4SyadbXoo=
golang.org/x/sys v0.48.0/go.mod h1:hNLxWAXmnKAxqDtdwIYC4bM9oQPEecfsnNMuSxOs3og=
golang.org/x/text v0.41.0 h1:vz/seA0lnX87Othu2f/0L24RcgrXD9/YFTSuGjj3rH8=
golang.org/x/text v0.41.0/go.mod h1:jvf1O8ajNzZqhSrQBPbutR/EB83Cc0CFrezNQIwbb5M=
golang.org/x/tools v0.49.0 h1:3NI7VXzL9+1WZD52Dx2ttoPwD5DWrFGpl9mFZDlmisI=
golang.org/x/tools v0.49.0/go.mod h1:SJNXV9DBKT0UbdttsQjbfJlAE/q+y36++zo3uL3N0Oo=
gopkg.in/check.v1 v0.0.0-20161208181325-20d25e280405/go.mod h1:Co6ibVJAznAaIkqp8huTwlJQCZ016jof/cbN4VW5Yz0=
gopkg.in/check.v1 v1.0.0-20201130134442-10cb98267c6c h1:Hei/4ADfdWqJk1ZMxUNpqntNwaWcugrBjAiHlqqRiVk=
gopkg.in/check.v1 v1.0.0-20201130134442-10cb98267c6c/go.mod h1:JHkPIbrfpd72SG/EVd6muEfDQjcINNoR0C8j2r3qZ4Q=
gopkg.in/yaml.v3 v3.0.1 h1:fxVm/GzAzEWqLHuvctI91KS9hhNmmWOoWu0XTYJS7CA=
gopkg.in/yaml.v3 v3.0.1/go.mod h1:K4uyk7z7BCEPqu6E+C64Yfv1cQ7kz7rIZviUmN+EgEM=
