github.com/456vv/vbody/v2 v2.2.1 h1:Smus+SP3a2KsjURsjquabjRptR6QFADmWrJfFnqoXZw=
github.com/456vv/vbody/v2 v2.2.1/go.mod h1:rx8M/whn33daASALiGT26lOgUpbYD0X2W0NEC4qNeaM=
github.com/456vv/vcipher v1.0.0 h1:x0KzczszTUxR71JSB1oig1xTgVTgMQjAaukPPXdyTJk=
github.com/456vv/vcipher v1.0.0/go.mod h1:Ib5Q1Jj8l4nHlS7GZ3MDwWFsJzQ8slCxZjWFRYbhAmQ=
github.com/456vv/vconn v1.4.6 h1:eRREGA0I7MVJCOzlNFDTH/+6RxAl3zNnLEiqtLjGSk8=
github.com/456vv/vconn v1.4.6/go.mod h1:POQ1JYw/C2wILmH8WUYVrPlFUXTimITzxbUwLSDzLv0=
github.com/456vv/vconnpool/v3 v3.2.11 h1:d5tgC3LpysqnRXA71KemAe9Z054NxpmkA2KNdBm6jXM=
github.com/456vv/vconnpool/v3 v3.2.11/go.mod h1:rrFXMDVs/wZjt7xiAN6XHpX9Pq7QAWgu5/smWps0Uwg=
github.com/456vv/verifycode v1.0.3 h1:N/1px3+5s5nreQKErl/bKKLTsmOa87OpO+8Zpp6j4r4=
github.com/456vv/verifycode v1.0.3/go.mod h1:sO5bsEpPw9a6IhIq6NDeY0K2uxofZ9oFwgRQ45P/Dao=
github.com/456vv/vforward/v2 v2.0.1 h1:wehPjX3uhVsqn4fkD2BPR1yzyo3McNxujcoGUaVgyZs=
github.com/456vv/vforward/v2 v2.0.1/go.mod h1:TCjkcLFNWP3VhWUPCE2XHTwsjis81Cw9rGEEJgv00o0=
github.com/456vv/vmap/v2 v2.3.5 h1:fszT3m70GQ7rDeZ1mjUtpYIkUw76GZOOaMSMyl/WRhs=
github.com/456vv/vmap/v2 v2.3.5/go.mod h1:+tSy8LEBuQ8GZIt+Zu9aIZkIdFeZoK9BSg98vsVmONY=
github.com/456vv/vweb/v3 v3.0.7 h1:J2k8I3My7xgx8dedPEnMjG6VWCQjRnZWfGd9fNbBQzI=
github.com/456vv/vweb/v3 v3.0.7/go.mod h1:wiZB205T9ZgKiyCblOsEEUq4/bXoMwQF1zR2FqYhkgw=
github.com/456vv/x/db v0.0.0-20260630031248-11d1612a683b h1:hn4NF7Pol31Y+Fr9X8zRLHbNNRqYHbSg8FM1ib7QQWs=
github.com/456vv/x/db v0.0.0-20260630031248-11d1612a683b/go.mod h1:72/qi8zqSWDr8JkjYR94WU7lqcp6DmvzXNoGmxEQFk8=
github.com/456vv/x/igop_lib v0.0.0-20260630031248-11d1612a683b h1:u3q00OktYiEJonJ3n+oF3wec9G+f65tbYAypQUxy6mw=
github.com/456vv/x/igop_lib v0.0.0-20260630031248-11d1612a683b/go.mod h1:n10sOy1c3H6/4q7dJwGN0CJ85F/UOo3TSlONc6kKBw0=
github.com/456vv/x/smtp v0.0.0-20260630031248-11d1612a683b h1:vtc8/gb3x4r9WTidEfh80aLTilXSNNGtbNVo/7Dt4PU=
github.com/456vv/x/smtp v0.0.0-20260630031248-11d1612a683b/go.mod h1:6D5iOscmKNvKoYLoNWpY7lrEMIlvneBI7/5veli+jTI=
github.com/456vv/x/sqltable v0.0.0-20260630031248-11d1612a683b h1:keaxSA0ZgzymCktSoeTGKE7OQEJWtYEM1j8GXlpnKGg=
github.com/456vv/x/sqltable v0.0.0-20260630031248-11d1612a683b/go.mod h1:6H596KA5OBsx1b/nSnR5oq1dOVWhy4TjCHhDJZazwJU=
github.com/456vv/x/ticker v0.0.0-20260630031248-11d1612a683b h1:31TxTvgg3FscFLo/qUlmrHJXrVIiuFRXv6Zsoj3vy4U=
github.com/456vv/x/ticker v0.0.0-20260630031248-11d1612a683b/go.mod h1:c1//DwOiYw/UPUJV8RUrYK1PCy5ED12pqe+td0UM2VU=
github.com/456vv/x/watch v0.0.0-20260630031248-11d1612a683b h1:ZLrrxozlnGcJX7A57TfhBu08klDdmqxXyIxA9nrPFB0=
github.com/456vv/x/watch v0.0.0-20260630031248-11d1612a683b/go.mod h1:T9WjAYuyCGyLnBhR6Da6OBTauUFwZzjy5HLGaw88Vok=
github.com/456vv/x/yaegi_lib v0.0.0-20260630031248-11d1612a683b h1:62PZAskS4eE/gaZTFm3zdJY48BBzMZmkWKvZIMWLfDQ=
github.com/456vv/x/yaegi_lib v0.0.0-20260630031248-11d1612a683b/go.mod h1:hpuVh9KKzKQSCxprAOcLwhN1mfvN3Q1wJRXOoxs17NY=
github.com/OpenListTeam/wazero-wasip2 v0.0.0-20251102195840-b699dbc20d5c h1:rG0QOS2mzrfe6sgNlSlRcXb3vBOg/VlFGcAT1QQqFcw=
github.com/OpenListTeam/wazero-wasip2 v0.0.0-20251102195840-b699dbc20d5c/go.mod h1:+BpydPG2cUQHYFwH3/lVmvXyMl/zxHW+XM+XTSzqu2Q=
github.com/fsnotify/fsnotify v1.10.1 h1:b0/UzAf9yR5rhf3RPm9gf3ehBPpf0oZKIjtpKrx59Ho=
github.com/fsnotify/fsnotify v1.10.1/go.mod h1:TLheqan6HD6GBK6PrDWyDPBaEV8LspOxvPSjC+bVfgo=
github.com/golang/freetype v0.0.0-20170609003504-e2365dfdc4a0 h1:DACJavvAHhabrF08vX0COfcOBJRhZ8lUbR+ZWIs0Y5g=
github.com/golang/freetype v0.0.0-20170609003504-e2365dfdc4a0/go.mod h1:E/TSTwGwJL78qG/PmXZO1EjYhfJinVAhrmmHX6Z8B9k=
github.com/goplus/ixgo v1.1.0 h1:Lrp3xTzN+xUsrb7H3bIsGMHna1GTmoCrljDhFBF8OOs=
github.com/goplus/ixgo v1.1.0/go.mod h1:fhd/bwm497c66k7hZJJ2WmmvPiKEAJUQR3f2oQiAANQ=
github.com/goplus/reflectx v1.7.0 h1:52l0Si+vDc6CvT7Y+h47h2QUs5HQp6qxPlmvLsMzo38=
github.com/goplus/reflectx v1.7.0/go.mod h1:EXX8KSPTmnb2W1PfyVkDC0Qwet0lYX2h2/S06Vhwrhw=
github.com/hashicorp/golang-lru/v2 v2.0.7 h1:a+bsQ5rvGLjzHuww6tVxozPZFVghXaHOwFs4luLUK2k=
github.com/hashicorp/golang-lru/v2 v2.0.7/go.mod h1:QeFd9opnmA6QUJc5vARoKUSoFhyfM2/ZepoAG6RGpeM=
github.com/issue9/assert/v4 v4.3.1/go.mod h1:v7qDRXi7AsaZZNh8eAK2rkLJg5/clztqQGA1DRv9Lv4=
github.com/libp2p/go-reuseport v0.4.0 h1:nR5KU7hD0WxXCJbmw7r2rhRYruNRl2koHw8fQscQm2s=
github.com/libp2p/go-reuseport v0.4.0/go.mod h1:ZtI03j/wO5hZVDFo2jKywN6bYKWLOy8Se6DrI2E1cLU=
github.com/mattn/go-sqlite3 v1.14.47 h1:dW2FpyoO/EKZpbgWBlm+JTW6qFGYBL87Lwj40Dsq4n0=
github.com/mattn/go-sqlite3 v1.14.47/go.mod h1:6JTjA44L93a0QCyJef5YvlPoKXntQPjzWv5gtm9sB6w=
github.com/pelletier/go-toml/v2 v2.4.2 h1:M2fKKbmyvI+hGId/D0W64qDBMVhJnNR10O5gIbMc//Q=
github.com/pelletier/go-toml/v2 v2.4.2/go.mod h1:2gIqNv+qfxSVS7cM2xJQKtLSTLUE9V8t9Stt+h56mCY=
github.com/tetratelabs/wazero v1.12.0 h1:DuWcpNu/FzgEXgGBDp8J1Spc+CWOvvtvVyjKlaZopYU=
github.com/tetratelabs/wazero v1.12.0/go.mod h1:LvKtzl2RqO4gyF27BiXU+nKAjcV8f38U+kP/q2vgxh0=
github.com/tidwall/gjson v1.14.2/go.mod h1:/wbyibRr2FHMks5tjHJ5F8dMZh3AcwJEMf5vlfC0lxk=
github.com/tidwall/gjson v1.19.0 h1:xwxm7n691Uf3u5OFjzngavjGTh55KX5q/9w9xHW88JU=
github.com/tidwall/gjson v1.19.0/go.mod h1:V37/opeE/JbLUOfH0QTXiNez2l0RUjYUhpT4szFQAfc=
github.com/tidwall/match v1.1.1/go.mod h1:eRSPERbgtNPcGhD8UCthc6PmLEQXEWd3PRB5JTxsfmM=
github.com/tidwall/match v1.2.0 h1:0pt8FlkOwjN2fPt4bIl4BoNxb98gGHN2ObFEDkrfZnM=
github.com/tidwall/match v1.2.0/go.mod h1:eRSPERbgtNPcGhD8UCthc6PmLEQXEWd3PRB5JTxsfmM=
github.com/tidwall/pretty v1.2.0/go.mod h1:ITEVvHYasfjBbM0u2Pg8T2nJnzm8xPwvNhhsoaGGjNU=
github.com/tidwall/pretty v1.2.1 h1:qjsOFOWWQl+N3RsoF5/ssm1pHmJJwhjlSbZ51I6wMl4=
github.com/tidwall/pretty v1.2.1/go.mod h1:ITEVvHYasfjBbM0u2Pg8T2nJnzm8xPwvNhhsoaGGjNU=
github.com/tidwall/sjson v1.2.5 h1:kLy8mja+1c9jlljvWTlSazM7cKDRfJuR/bOJhcY5NcY=
github.com/tidwall/sjson v1.2.5/go.mod h1:Fvgq9kS/6ociJEDnK0Fk1cpYF4FIW6ZF7LAe+6jwd28=
github.com/timandy/routine v1.1.6 h1:cueNRVPutK8O6387LL7dmYPLNyS6aKlPCPi5qWCLdc8=
github.com/timandy/routine v1.1.6/go.mod h1:kXslgIosdY8LW0byTyPnenDgn4/azt2euufAq9rK51w=
github.com/traefik/yaegi v0.16.1 h1:f1De3DVJqIDKmnasUF6MwmWv1dSEEat0wcpXhD2On3E=
github.com/traefik/yaegi v0.16.1/go.mod h1:4eVhbPb3LnD2VigQjhYbEJ69vDRFdT2HQNrXx8eEwUY=
github.com/visualfc/funcval v0.1.4 h1:lAI88zQYfRzmC7mKF4+swXeCZvb8wb1f3lMSDRAY2mQ=
github.com/visualfc/funcval v0.1.4/go.mod h1:3Izv+irhArmrTvy+lmL6pIq16gSOzx73CIka51J9eR0=
github.com/visualfc/goembed v0.3.4 h1:foORJ0KT/pKwA23dStPFOtxaW7F96PnNSiLXHVXrfVk=
github.com/visualfc/goembed v0.3.4/go.mod h1:jCVCz/yTJGyslo6Hta+pYxWWBuq9ADCcIVZBTQ0/iVI=
github.com/visualfc/xtype v0.3.0 h1:K0Oo5XMcSjv+ohqn8L6RjgOZ9dNwfzPv3/AIV1SXRfA=
github.com/visualfc/xtype v0.3.0/go.mod h1:VYIH9S2bmdWKlBb7c725ES6yKF9+pyHBU2SFNqGVMGM=
golang.org/x/crypto v0.53.0 h1:QZ4Muo8THX6CizN2vPPd5fBGHyogrdK9fG4wLPFUsto=
golang.org/x/crypto v0.53.0/go.mod h1:DNLU434OwVakk9PzuwV8w62mAJpRJL3vsgcfp4Qnsio=
golang.org/x/image v0.43.0 h1:FLxcP4ec2350nTfOC8ysKtqYSIFbk/QGjw1ZHNP4tsY=
golang.org/x/image v0.43.0/go.mod h1:rrpelvGFt+kLPAjPM4HeWPgrl0FtafueU//e5N0qk/Q=
golang.org/x/mod v0.37.0 h1:vF1DjpVEshcIqoEaauuHebaLk1O1forxjxBaVn884JQ=
golang.org/x/mod v0.37.0/go.mod h1:m8S8VeM9r4dzDwjrKO0a1sZP3YjeMamRRlD+fmR2Q/0=
golang.org/x/net v0.56.0 h1:Rw8j/hFzGvJUZwNBXnAtf5sVDVt+65SK2C7IxCxZt5o=
golang.org/x/net v0.56.0/go.mod h1:D3Ku6r+V6JROoZK144D2XfMHFcMq/0zSfLelVTCFKec=
golang.org/x/sys v0.46.0 h1:noSf2Fq6F8DBgS+LysIkx7rIExoNHJsxOAtPp4rthXw=
golang.org/x/sys v0.46.0/go.mod h1:4GL1E5IUh+htKOUEOaiffhrAeqysfVGipDYzABqnCmw=
golang.org/x/text v0.38.0 h1:sXmwo9DwP3OK9EZ7PqAdaooSGozfl/3a6/xJcbzPRhE=
golang.org/x/text v0.38.0/go.mod h1:YXZt3QhHUKYT53r2lLKFIVi6Ao1jdzrTR/KQ09qyxF4=
golang.org/x/tools v0.47.0 h1:7Kn5x/d1svx/PzryTsqeoZN4TZwqeH5pGWjefhLi/1Q=
golang.org/x/tools v0.47.0/go.mod h1:dFHnyTvFWY212G+h7ZY4Vsp/K3U4/7W9TyVaAul8uCA=
gopkg.in/check.v1 v0.0.0-20161208181325-20d25e280405/go.mod h1:Co6ibVJAznAaIkqp8huTwlJQCZ016jof/cbN4VW5Yz0=
gopkg.in/yaml.v3 v3.0.1 h1:fxVm/GzAzEWqLHuvctI91KS9hhNmmWOoWu0XTYJS7CA=
gopkg.in/yaml.v3 v3.0.1/go.mod h1:K4uyk7z7BCEPqu6E+C64Yfv1cQ7kz7rIZviUmN+EgEM=
