github.com/456vv/vconn v1.1.2 h1:cHNCHFlXw/5E4pmruzjKbdcQwIMRtpCwZQqj6DKPkgU=
github.com/456vv/vconn v1.1.2/go.mod h1:yfGorjvv8irTQyroGr+ueBOMR5+nKRpY1J+6qbeIGeo=
github.com/456vv/vconnpool/v2 v2.1.5 h1:4GT1bQlfzqsXVaS3iPgHWOsa6dLzonRgfAEHwWDWzdc=
github.com/456vv/vconnpool/v2 v2.1.5/go.mod h1:J4coCDLYG/P6R2k+ja7BuSenUTw8l5wELwNF5rD0C4I=
github.com/456vv/verror v1.1.0 h1:ch2/3JWUqQqL6j3n0yXSMVNsrypTo5oDedwv5oaSD1E=
github.com/456vv/verror v1.1.0/go.mod h1:QEmQNRglF0+9pnOE4gHNNyys2n2cqTJHbWDxAdOEBjM=
github.com/456vv/vmap/v2 v2.3.2 h1:+5+dFCAXLxbB0z5L/kQZ0wsqp/Xqij+pgpnLN6C/3VE=
github.com/456vv/vmap/v2 v2.3.2/go.mod h1:MllhzwYdtDE5+Zc4cm3utRJ0sW8cIaNfIRRGEhbVLyo=
github.com/456vv/vweb/v2 v2.4.8 h1:EzKVXRyfjhcfV5wXVEGAZ78gYZIQ/p4z45CY8mQ15Cs=
github.com/456vv/vweb/v2 v2.4.8/go.mod h1:KOOsXp9wo/+NFi7RtItMEUTPs0DIZvnDLMhDnuqarHc=
github.com/mattn/anko v0.1.8 h1:wDGM0Rwgbzhk1h8xE6qAR4n+PO/9clzf3tLGtrwsqJg=
github.com/mattn/anko v0.1.8/go.mod h1:C5D2zw4NIv/sB2SrQ3qs5wqPw0wKiA2GZqexy4ctNH0=
github.com/traefik/yaegi v0.11.2 h1:zosveTf5iIa60fAeQpaH4719b+bnlgsOvO7Nb/OTMTo=
github.com/traefik/yaegi v0.11.2/go.mod h1:RuCwD8/wsX7b6KoQHOaIFUfuH3gQIK4KWnFFmJMw5VA=
golang.org/x/net v0.0.0-20220114011407-0dd24b26b47d h1:1n1fc535VhN8SYtD4cDUyNlfpAF2ROMM9+11equK3hs=
golang.org/x/net v0.0.0-20220114011407-0dd24b26b47d/go.mod h1:9nx3DQGgdP8bBQD5qxJ1jj9UTztislL4KSBs9R2vV5Y=
golang.org/x/sys v0.0.0-20201119102817-f84b799fce68/go.mod h1:h1NjWce9XRLGQEsW7wpKNCjG9DtNlClVuFLEZdDNbEs=
golang.org/x/sys v0.0.0-20210423082822-04245dca01da/go.mod h1:h1NjWce9XRLGQEsW7wpKNCjG9DtNlClVuFLEZdDNbEs=
golang.org/x/term v0.0.0-20201126162022-7de9c90e9dd1/go.mod h1:bj7SfCRtBDWHUb9snDiAeCFNEtKQo2Wmx5Cou7ajbmo=
golang.org/x/text v0.3.6 h1:aRYxNxv6iGQlyVaZmk6ZgYEDa+Jg18DxebPSrd6bg1M=
golang.org/x/text v0.3.6/go.mod h1:5Zoc/QRtKVWzQhOtBMvqHzDpF6irO9z98xDceosuGiQ=
golang.org/x/tools v0.0.0-20180917221912-90fa682c2a6e/go.mod h1:n7NCudcB/nEzxVGmLbDWY5pfWTLqBcC2KZ6jyYvM4mQ=
