github.com/456vv/vbody/v2 v2.2.1 h1:Smus+SP3a2KsjURsjquabjRptR6QFADmWrJfFnqoXZw=
github.com/456vv/vbody/v2 v2.2.1/go.mod h1:rx8M/whn33daASALiGT26lOgUpbYD0X2W0NEC4qNeaM=
github.com/456vv/vcipher v1.0.0 h1:x0KzczszTUxR71JSB1oig1xTgVTgMQjAaukPPXdyTJk=
github.com/456vv/vcipher v1.0.0/go.mod h1:Ib5Q1Jj8l4nHlS7GZ3MDwWFsJzQ8slCxZjWFRYbhAmQ=
github.com/456vv/vconn v1.2.1 h1:25oGcVdqIVl0SnLTJP+z4zNkJur2+rUn/sm/1Yk7FY0=
github.com/456vv/vconn v1.2.1/go.mod h1:yfGorjvv8irTQyroGr+ueBOMR5+nKRpY1J+6qbeIGeo=
github.com/456vv/vconnpool/v2 v2.1.11 h1:n3BVmHnvUQShfxgk3gGXuWg9a287Yyk16NuDbxZm5E8=
github.com/456vv/vconnpool/v2 v2.1.11/go.mod h1:J4coCDLYG/P6R2k+ja7BuSenUTw8l5wELwNF5rD0C4I=
github.com/456vv/verifycode v1.0.3 h1:N/1px3+5s5nreQKErl/bKKLTsmOa87OpO+8Zpp6j4r4=
github.com/456vv/verifycode v1.0.3/go.mod h1:sO5bsEpPw9a6IhIq6NDeY0K2uxofZ9oFwgRQ45P/Dao=
github.com/456vv/verror v1.1.0 h1:ch2/3JWUqQqL6j3n0yXSMVNsrypTo5oDedwv5oaSD1E=
github.com/456vv/verror v1.1.0/go.mod h1:QEmQNRglF0+9pnOE4gHNNyys2n2cqTJHbWDxAdOEBjM=
github.com/456vv/vforward v1.1.2 h1:6wTubWb52Uh9JL889UB1lF/XgBokbmoiwDZn/TO9lQI=
github.com/456vv/vforward v1.1.2/go.mod h1:/0Ztvw5hWWjK5jhLnccBDMa+jKP0RkncVlBvBqrIEvI=
github.com/456vv/viot/v2 v2.5.4 h1:3ox1wXKONG6+bz+Z+SF009znYRn/MX/aLism/grzIPE=
github.com/456vv/viot/v2 v2.5.4/go.mod h1:Jf1UkQTk2pmw0G7Va2CwUqfTGpHzufPTXfjviLY8a4w=
github.com/456vv/vmap/v2 v2.3.3 h1:V1zd6fUjtEjSX6tEbB1v7nh4rzC3012Emisp/I5jpGM=
github.com/456vv/vmap/v2 v2.3.3/go.mod h1:+tSy8LEBuQ8GZIt+Zu9aIZkIdFeZoK9BSg98vsVmONY=
github.com/456vv/vweb/v2 v2.7.0 h1:pmgbUK0j0z4od4XmWjUz5m8L5Uu5dZ3mZ3EQxwbSckw=
github.com/456vv/vweb/v2 v2.7.0/go.mod h1:4WL+65xyAWcuHEdijQ2I/b/6LfWupYuNVaj05wGaycY=
github.com/456vv/x/db v0.0.0-20230623114151-e7daa151690d h1:2QnbjsxET5HVSwue8uRvLuJwucLufASYBnUrtTRmbBg=
github.com/456vv/x/db v0.0.0-20230623114151-e7daa151690d/go.mod h1:72/qi8zqSWDr8JkjYR94WU7lqcp6DmvzXNoGmxEQFk8=
github.com/456vv/x/smtp v0.0.0-20230623114151-e7daa151690d h1:RxUNRiVHTcngtdu/BjILWm/1H3d7NBj9yzRP2b5qFAg=
github.com/456vv/x/smtp v0.0.0-20230623114151-e7daa151690d/go.mod h1:6D5iOscmKNvKoYLoNWpY7lrEMIlvneBI7/5veli+jTI=
github.com/456vv/x/sqltable v0.0.0-20230623114151-e7daa151690d h1:ODnMtyfumnbA5EstS8LrmEa/sDFMl2wpTty4sec7Rgk=
github.com/456vv/x/sqltable v0.0.0-20230623114151-e7daa151690d/go.mod h1:6H596KA5OBsx1b/nSnR5oq1dOVWhy4TjCHhDJZazwJU=
github.com/456vv/x/tcptest v0.0.0-20230220042903-020cd3c0a9f3 h1:GhZeb048TJtfnLctmnat/fYcFlQw/4zHXqiWJEnp2yk=
github.com/456vv/x/tcptest v0.0.0-20230220042903-020cd3c0a9f3/go.mod h1:eBFILcRPOZsfy3dZ5KxrvpD+vg6ppTHDgtkPlwRCEiY=
github.com/456vv/x/ticker v0.0.0-20230623114151-e7daa151690d h1:CFjX2HeHaJepGF/oCJsRSMgNNqnBmKk3Is73kP1sOkU=
github.com/456vv/x/ticker v0.0.0-20230623114151-e7daa151690d/go.mod h1:c1//DwOiYw/UPUJV8RUrYK1PCy5ED12pqe+td0UM2VU=
github.com/456vv/x/watch v0.0.0-20230623114151-e7daa151690d h1:2kWPUS0AdUEkpMZRsz9caL6gSeuJ0I7dqjuRcYPjh+s=
github.com/456vv/x/watch v0.0.0-20230623114151-e7daa151690d/go.mod h1:6js0GJUW5fC4bjxpjECwYcU9Wi34PLhNrHMbIhWSEY8=
github.com/88250/lute v1.7.5 h1:mcPFURh5sK1WH1kFRjqK5DkMWOfVN2BhyrXitN8GmpQ=
github.com/88250/lute v1.7.5/go.mod h1:cEoBGi0zArPqAsp0MdG9SKinvH/xxZZWXU7sRx8vHSA=
github.com/alecthomas/chroma v0.10.0 h1:7XDcGkCQopCNKjZHfYrNLraA+M7e0fMiJ/Mfikbfjek=
github.com/alecthomas/chroma v0.10.0/go.mod h1:jtJATyUxlIORhUOFNA9NZDWGAQ8wpxQQqNSB4rjA/1s=
github.com/bep/golibsass v1.1.1 h1:xkaet75ygImMYjM+FnHIT3xJn7H0xBA9UxSOJjk8Khw=
github.com/bep/golibsass v1.1.1/go.mod h1:DL87K8Un/+pWUS75ggYv41bliGiolxzDKWJAq3eJ1MA=
github.com/davecgh/go-spew v1.1.0/go.mod h1:J7Y8YcW2NihsgmVo/mv3lAwl/skON4iLHjSsI+c5H38=
github.com/davecgh/go-spew v1.1.1 h1:vj9j/u1bqnvCEfJOwUhtlOARqs3+rkHYY13jYWTU97c=
github.com/davecgh/go-spew v1.1.1/go.mod h1:J7Y8YcW2NihsgmVo/mv3lAwl/skON4iLHjSsI+c5H38=
github.com/dlclark/regexp2 v1.4.0/go.mod h1:2pZnwuY/m+8K6iRw6wQdMtk+rH5tNGR1i55kozfMjCc=
github.com/dlclark/regexp2 v1.10.0 h1:+/GIL799phkJqYW+3YbOd8LCcbHzT0Pbo8zl70MHsq0=
github.com/dlclark/regexp2 v1.10.0/go.mod h1:DHkYz0B9wPfa6wondMfaivmHpzrQ3v9q8cnmRbL6yW8=
github.com/frankban/quicktest v1.7.2 h1:2QxQoC1TS09S7fhCPsrvqYdvP1H5M1P1ih5ABm3BTYk=
github.com/frankban/quicktest v1.7.2/go.mod h1:jaStnuzAqU1AJdCO0l53JDCJrVDKcS03DbaAcR7Ks/o=
github.com/fsnotify/fsnotify v1.6.0 h1:n+5WquG0fcWoWp6xPWfHdbskMCQaFnG6PfBrh1Ky4HY=
github.com/fsnotify/fsnotify v1.6.0/go.mod h1:sl3t1tCWJFWoRz9R8WJCbQihKKwmorjAbSClcnxKAGw=
github.com/golang/freetype v0.0.0-20170609003504-e2365dfdc4a0 h1:DACJavvAHhabrF08vX0COfcOBJRhZ8lUbR+ZWIs0Y5g=
github.com/golang/freetype v0.0.0-20170609003504-e2365dfdc4a0/go.mod h1:E/TSTwGwJL78qG/PmXZO1EjYhfJinVAhrmmHX6Z8B9k=
github.com/google/go-cmp v0.3.1/go.mod h1:8QqcDgzrUqlUb/G2PQTWiueGozuR1884gddMywk6iLU=
github.com/google/go-cmp v0.5.8 h1:e6P7q2lk1O+qJJb4BtCQXlK8vWEO8V1ZeuEdJNOqZyg=
github.com/google/go-cmp v0.5.8/go.mod h1:17dUlkBOakJ0+DkrSSNjCkIjxS6bF9zb3elmeNGIjoY=
github.com/gopherjs/gopherjs v0.0.0-20180708170036-38b413be4187/go.mod h1:wJfORRmW1u3UXTncJ5qlYoELFm8eSnnEO6hX4iZ3EWY=
github.com/gopherjs/gopherjs v1.17.2 h1:fQnZVsXk8uxXIStYb0N4bGk7jeyTalG/wsZjQ25dO0g=
github.com/gopherjs/gopherjs v1.17.2/go.mod h1:pRRIvn/QzFLrKfvEz3qUuEhtE/zLCWfreZ6J5gM2i+k=
github.com/goplus/reflectx v1.1.1 h1:4acdcG7+uIHdl7le1vAEt9M2HwGWNlVqv1fd4YsdCg0=
github.com/goplus/reflectx v1.1.1/go.mod h1:wHOS9ilbB4zrecI0W1dMmkW9JMcpXV7VjALVbNU9xfM=
github.com/issue9/assert/v2 v2.3.2 h1:J8TxGeak/CvrMchXHjs9CFChsZvpX0hGE/HTnwT6L+8=
github.com/issue9/assert/v2 v2.3.2/go.mod h1:rKr1eVGzXUhAo2af1thiKAhIA8uiSK9Wyn7mcZ4BzAg=
github.com/kr/pretty v0.1.0 h1:L/CwN0zerZDmRFUapSPitk6f+Q3+0za1rQkzVuMiMFI=
github.com/kr/pretty v0.1.0/go.mod h1:dAy3ld7l9f0ibDNOQOHHMYYIIbhfbHSm3C4ZsoJORNo=
github.com/kr/pty v1.1.1/go.mod h1:pFQYn66WHrOpPYNljwOMqo10TkYh1fy3cYio2l3bCsQ=
github.com/kr/text v0.1.0 h1:45sCR5RtlFHMR4UwH9sdQ5TC8v0qDQCHnXt+kaKSTVE=
github.com/kr/text v0.1.0/go.mod h1:4Jbv+DJW3UT/LiOwJeYQe1efqtUx/iVham/4vfdArNI=
github.com/libp2p/go-reuseport v0.3.0 h1:iiZslO5byUYZEg9iCwJGf5h+sf1Agmqx2V2FDjPyvUw=
github.com/libp2p/go-reuseport v0.3.0/go.mod h1:laea40AimhtfEqysZ71UpYj4S+R9VpH8PgqLo7L+SwI=
github.com/mattn/go-sqlite3 v1.14.17 h1:mCRHCLDUBXgpKAqIKsaAaAsrAlbkeomtRFKXh2L6YIM=
github.com/mattn/go-sqlite3 v1.14.17/go.mod h1:2eHXhiwb8IkHr+BDWZGa96P6+rkvnG63S2DGjv9HUNg=
github.com/pelletier/go-toml v1.9.5 h1:4yBQzkHv+7BHq2PQUZF3Mx0IYxG7LsP222s7Agd3ve8=
github.com/pelletier/go-toml v1.9.5/go.mod h1:u1nR/EPcESfeI/szUZKdtJ0xRNbUoANCkoOuaOx1Y+c=
github.com/pelletier/go-toml/v2 v2.0.8 h1:0ctb6s9mE31h0/lhu+J6OPmVeDxJn+kYnJc2jZR9tGQ=
github.com/pelletier/go-toml/v2 v2.0.8/go.mod h1:vuYfssBdrU2XDZ9bYydBu6t+6a6PYNcZljzZR9VXg+4=
github.com/pmezard/go-difflib v1.0.0 h1:4DBwDE0NGyQoBHbLQYPwSUPoCMWR5BEzIk/f1lZbAQM=
github.com/pmezard/go-difflib v1.0.0/go.mod h1:iKH77koFhYxTK1pcRnkKkqfTogsbg7gZNVY4sRDYZ/4=
github.com/stretchr/objx v0.1.0/go.mod h1:HFkY916IF+rwdDfMAkV7OtwuqBVzrE8GR6GFx+wExME=
github.com/stretchr/objx v0.4.0/go.mod h1:YvHI0jy2hoMjB+UWwv71VJQ9isScKT/TqJzVSSt89Yw=
github.com/stretchr/objx v0.5.0/go.mod h1:Yh+to48EsGEfYuaHDzXPcE3xhTkx73EhmCGUpEOglKo=
github.com/stretchr/testify v1.7.0/go.mod h1:6Fq8oRcR53rry900zMqJjRRixrwX3KX962/h/Wwjteg=
github.com/stretchr/testify v1.7.1/go.mod h1:6Fq8oRcR53rry900zMqJjRRixrwX3KX962/h/Wwjteg=
github.com/stretchr/testify v1.8.0/go.mod h1:yNjHg4UonilssWZ8iaSj1OCr/vHnekPRkoO+kdMU+MU=
github.com/stretchr/testify v1.8.3 h1:RP3t2pwF7cMEbC1dqtB6poj3niw/9gnV4Cjg5oW5gtY=
github.com/stretchr/testify v1.8.3/go.mod h1:sz/lmYIOXD/1dqDmKjjqLyZ2RngseejIcXlSw2iwfAo=
github.com/tidwall/gjson v1.14.2/go.mod h1:/wbyibRr2FHMks5tjHJ5F8dMZh3AcwJEMf5vlfC0lxk=
github.com/tidwall/gjson v1.14.4 h1:uo0p8EbA09J7RQaflQ1aBRffTR7xedD2bcIVSYxLnkM=
github.com/tidwall/gjson v1.14.4/go.mod h1:/wbyibRr2FHMks5tjHJ5F8dMZh3AcwJEMf5vlfC0lxk=
github.com/tidwall/match v1.1.1 h1:+Ho715JplO36QYgwN9PGYNhgZvoUSc9X2c80KVTi+GA=
github.com/tidwall/match v1.1.1/go.mod h1:eRSPERbgtNPcGhD8UCthc6PmLEQXEWd3PRB5JTxsfmM=
github.com/tidwall/pretty v1.2.0/go.mod h1:ITEVvHYasfjBbM0u2Pg8T2nJnzm8xPwvNhhsoaGGjNU=
github.com/tidwall/pretty v1.2.1 h1:qjsOFOWWQl+N3RsoF5/ssm1pHmJJwhjlSbZ51I6wMl4=
github.com/tidwall/pretty v1.2.1/go.mod h1:ITEVvHYasfjBbM0u2Pg8T2nJnzm8xPwvNhhsoaGGjNU=
github.com/tidwall/sjson v1.2.5 h1:kLy8mja+1c9jlljvWTlSazM7cKDRfJuR/bOJhcY5NcY=
github.com/tidwall/sjson v1.2.5/go.mod h1:Fvgq9kS/6ociJEDnK0Fk1cpYF4FIW6ZF7LAe+6jwd28=
github.com/yuin/goldmark v1.4.13/go.mod h1:6yULJ656Px+3vBD8DxQVa3kxgyrAnzto9xy5taEt/CY=
golang.org/x/crypto v0.0.0-20190308221718-c2843e01d9a2/go.mod h1:djNgcEr1/C05ACkg1iLfiJU5Ep61QUkGW8qpdssI0+w=
golang.org/x/crypto v0.0.0-20210921155107-089bfa567519/go.mod h1:GvvjBRRGRdwPK5ydBHafDWAxML/pGHZbMvKqRZ5+Abc=
golang.org/x/crypto v0.10.0 h1:LKqV2xt9+kDzSTfOhx4FrkEBcMrAgHSYgzywV9zcGmM=
golang.org/x/crypto v0.10.0/go.mod h1:o4eNf7Ede1fv+hwOwZsTHl9EsPFO6q6ZvYR8vYfY45I=
golang.org/x/image v0.8.0 h1:agUcRXV/+w6L9ryntYYsF2x9fQTMd4T8fiiYXAVW6Jg=
golang.org/x/image v0.8.0/go.mod h1:PwLxp3opCYg4WR2WO9P0L6ESnsD6bLTWcw8zanLMVFM=
golang.org/x/mod v0.6.0-dev.0.20220419223038-86c51ed26bb4/go.mod h1:jJ57K6gSWd91VN4djpZkiMVwK6gcyfeH4XE8wZrZaV4=
golang.org/x/mod v0.8.0/go.mod h1:iBbtSCu2XBx23ZKBPSOrRkjjQPZFPuis4dIYUhu/chs=
golang.org/x/net v0.0.0-20190620200207-3b0461eec859/go.mod h1:z5CRVTTTmAJ677TzLLGU+0bjPO0LkuOLi4/5GtJWs/s=
golang.org/x/net v0.0.0-20210226172049-e18ecbb05110/go.mod h1:m0MpNAwzfU5UDzcl9v0D8zg8gWTRqZa9RBIspLL5mdg=
golang.org/x/net v0.0.0-20220722155237-a158d28d115b/go.mod h1:XRhObCWvk6IyKnWLug+ECip1KBveYUHfp+8e9klMJ9c=
golang.org/x/net v0.6.0/go.mod h1:2Tu9+aMcznHK/AK1HMvgo6xiTLG5rD5rZLDS+rp2Bjs=
golang.org/x/net v0.11.0 h1:Gi2tvZIJyBtO9SDr1q9h5hEQCp/4L2RQ+ar0qjx2oNU=
golang.org/x/net v0.11.0/go.mod h1:2L/ixqYpgIVXmeoSA/4Lu7BzTG4KIyPIryS4IsOd1oQ=
golang.org/x/sync v0.0.0-20190423024810-112230192c58/go.mod h1:RxMgew5VJxzue5/jJTE5uejpjVlOe/izrB70Jof72aM=
golang.org/x/sync v0.0.0-20220722155255-886fb9371eb4/go.mod h1:RxMgew5VJxzue5/jJTE5uejpjVlOe/izrB70Jof72aM=
golang.org/x/sync v0.1.0/go.mod h1:RxMgew5VJxzue5/jJTE5uejpjVlOe/izrB70Jof72aM=
golang.org/x/sys v0.0.0-20190215142949-d0b11bdaac8a/go.mod h1:STP8DvDyc/dI5b8T5hshtkjS+E42TnysNCUPdjciGhY=
golang.org/x/sys v0.0.0-20201119102817-f84b799fce68/go.mod h1:h1NjWce9XRLGQEsW7wpKNCjG9DtNlClVuFLEZdDNbEs=
golang.org/x/sys v0.0.0-20210615035016-665e8c7367d1/go.mod h1:oPkhp1MJrh7nUepCBck5+mAzfO9JrbApNNgaTdGDITg=
golang.org/x/sys v0.0.0-20220520151302-bc2c85ada10a/go.mod h1:oPkhp1MJrh7nUepCBck5+mAzfO9JrbApNNgaTdGDITg=
golang.org/x/sys v0.0.0-20220722155257-8c9f86f7a55f/go.mod h1:oPkhp1MJrh7nUepCBck5+mAzfO9JrbApNNgaTdGDITg=
golang.org/x/sys v0.0.0-20220908164124-27713097b956/go.mod h1:oPkhp1MJrh7nUepCBck5+mAzfO9JrbApNNgaTdGDITg=
golang.org/x/sys v0.5.0/go.mod h1:oPkhp1MJrh7nUepCBck5+mAzfO9JrbApNNgaTdGDITg=
golang.org/x/sys v0.9.0 h1:KS/R3tvhPqvJvwcKfnBHJwwthS11LRhmM5D59eEXa0s=
golang.org/x/sys v0.9.0/go.mod h1:oPkhp1MJrh7nUepCBck5+mAzfO9JrbApNNgaTdGDITg=
golang.org/x/term v0.0.0-20201126162022-7de9c90e9dd1/go.mod h1:bj7SfCRtBDWHUb9snDiAeCFNEtKQo2Wmx5Cou7ajbmo=
golang.org/x/term v0.0.0-20210927222741-03fcf44c2211/go.mod h1:jbD1KX2456YbFQfuXm/mYQcufACuNUgVhRMnK/tPxf8=
golang.org/x/term v0.5.0/go.mod h1:jMB1sMXY+tzblOD4FWmEbocvup2/aLOaQEp7JmGp78k=
golang.org/x/text v0.3.0/go.mod h1:NqM8EUOU14njkJ3fqMW+pc6Ldnwhi/IjpwHt7yyuwOQ=
golang.org/x/text v0.3.3/go.mod h1:5Zoc/QRtKVWzQhOtBMvqHzDpF6irO9z98xDceosuGiQ=
golang.org/x/text v0.3.7/go.mod h1:u+2+/6zg+i71rQMx5EYifcz6MCKuco9NR6JIITiCfzQ=
golang.org/x/text v0.7.0/go.mod h1:mrYo+phRRbMaCq/xk9113O4dZlRixOauAjOtrjsXDZ8=
golang.org/x/text v0.10.0 h1:UpjohKhiEgNc0CSauXmwYftY1+LlaC75SJwh0SgCX58=
golang.org/x/text v0.10.0/go.mod h1:TvPlkZtksWOMsz7fbANvkp4WM8x/WCo/om8BMLbz+aE=
golang.org/x/tools v0.0.0-20180917221912-90fa682c2a6e/go.mod h1:n7NCudcB/nEzxVGmLbDWY5pfWTLqBcC2KZ6jyYvM4mQ=
golang.org/x/tools v0.0.0-20191119224855-298f0cb1881e/go.mod h1:b+2E5dAYhXwXZwtnZ6UAqBI28+e2cm9otk0dWdXHAEo=
golang.org/x/tools v0.1.12/go.mod h1:hNGJHUnrk76NpqgfD5Aqm5Crs+Hm0VOH/i9J2+nxYbc=
golang.org/x/tools v0.6.0/go.mod h1:Xwgl3UAJ/d3gWutnCtw505GrjyAbvKui8lOU390QaIU=
golang.org/x/xerrors v0.0.0-20190717185122-a985d3407aa7/go.mod h1:I/5z698sn9Ka8TeJc9MKroUUfqBBauWjQqLJ2OPfmY0=
gopkg.in/check.v1 v0.0.0-20161208181325-20d25e280405 h1:yhCVgyC4o1eVCa2tZl7eS0r+SDo693bJlVdllGtEeKM=
gopkg.in/check.v1 v0.0.0-20161208181325-20d25e280405/go.mod h1:Co6ibVJAznAaIkqp8huTwlJQCZ016jof/cbN4VW5Yz0=
gopkg.in/yaml.v2 v2.4.0 h1:D8xgwECY7CYvx+Y2n4sBz93Jn9JRvxdiyyo8CTfuKaY=
gopkg.in/yaml.v2 v2.4.0/go.mod h1:RDklbk79AGWmwhnvt/jBztapEOGDOx6ZbXqjP6csGnQ=
gopkg.in/yaml.v3 v3.0.0-20200313102051-9f266ea9e77c/go.mod h1:K4uyk7z7BCEPqu6E+C64Yfv1cQ7kz7rIZviUmN+EgEM=
gopkg.in/yaml.v3 v3.0.1 h1:fxVm/GzAzEWqLHuvctI91KS9hhNmmWOoWu0XTYJS7CA=
gopkg.in/yaml.v3 v3.0.1/go.mod h1:K4uyk7z7BCEPqu6E+C64Yfv1cQ7kz7rIZviUmN+EgEM=
