github.com/456vv/vbody/v2 v2.2.1 h1:Smus+SP3a2KsjURsjquabjRptR6QFADmWrJfFnqoXZw=
github.com/456vv/vbody/v2 v2.2.1/go.mod h1:rx8M/whn33daASALiGT26lOgUpbYD0X2W0NEC4qNeaM=
github.com/456vv/vcipher v1.0.0 h1:x0KzczszTUxR71JSB1oig1xTgVTgMQjAaukPPXdyTJk=
github.com/456vv/vcipher v1.0.0/go.mod h1:Ib5Q1Jj8l4nHlS7GZ3MDwWFsJzQ8slCxZjWFRYbhAmQ=
github.com/456vv/vconn v1.4.6 h1:eRREGA0I7MVJCOzlNFDTH/+6RxAl3zNnLEiqtLjGSk8=
github.com/456vv/vconn v1.4.6/go.mod h1:POQ1JYw/C2wILmH8WUYVrPlFUXTimITzxbUwLSDzLv0=
github.com/456vv/vconnpool/v3 v3.2.11 h1:d5tgC3LpysqnRXA71KemAe9Z054NxpmkA2KNdBm6jXM=
github.com/456vv/vconnpool/v3 v3.2.11/go.mod h1:rrFXMDVs/wZjt7xiAN6XHpX9Pq7QAWgu5/smWps0Uwg=
github.com/456vv/verifycode v1.0.3 h1:N/1px3+5s5nreQKErl/bKKLTsmOa87OpO+8Zpp6j4r4=
github.com/456vv/verifycode v1.0.3/go.mod h1:sO5bsEpPw9a6IhIq6NDeY0K2uxofZ9oFwgRQ45P/Dao=
github.com/456vv/vforward/v2 v2.0.1 h1:wehPjX3uhVsqn4fkD2BPR1yzyo3McNxujcoGUaVgyZs=
github.com/456vv/vforward/v2 v2.0.1/go.mod h1:TCjkcLFNWP3VhWUPCE2XHTwsjis81Cw9rGEEJgv00o0=
github.com/456vv/vmap/v2 v2.3.5 h1:fszT3m70GQ7rDeZ1mjUtpYIkUw76GZOOaMSMyl/WRhs=
github.com/456vv/vmap/v2 v2.3.5/go.mod h1:+tSy8LEBuQ8GZIt+Zu9aIZkIdFeZoK9BSg98vsVmONY=
github.com/456vv/vweb/v3 v3.0.7 h1:J2k8I3My7xgx8dedPEnMjG6VWCQjRnZWfGd9fNbBQzI=
github.com/456vv/vweb/v3 v3.0.7/go.mod h1:wiZB205T9ZgKiyCblOsEEUq4/bXoMwQF1zR2FqYhkgw=
github.com/456vv/x/db v0.0.0-20260629144613-00ba8754b9ff h1:6rr9dhm7Y5CGKGW/F/1zv3jFFAO7qYO8M7HFvL8u9mg=
github.com/456vv/x/db v0.0.0-20260629144613-00ba8754b9ff/go.mod h1:72/qi8zqSWDr8JkjYR94WU7lqcp6DmvzXNoGmxEQFk8=
github.com/456vv/x/smtp v0.0.0-20260629144613-00ba8754b9ff h1:e55xNgJzyuL7HclYstJdepI/av+7l7CLsIWEln+yq3Y=
github.com/456vv/x/smtp v0.0.0-20260629144613-00ba8754b9ff/go.mod h1:6D5iOscmKNvKoYLoNWpY7lrEMIlvneBI7/5veli+jTI=
github.com/456vv/x/sqltable v0.0.0-20260629144613-00ba8754b9ff h1:e8klE004kex9rUGYuv+AbWPv1uoT+bBBTRg/17NK5f8=
github.com/456vv/x/sqltable v0.0.0-20260629144613-00ba8754b9ff/go.mod h1:6H596KA5OBsx1b/nSnR5oq1dOVWhy4TjCHhDJZazwJU=
github.com/456vv/x/tcptest v0.0.0-20260630022949-0cb02e5dd3f8 h1:VyxXQWOWRhBLrpdsUAYhaulXNVDFL1e3jJ3Vk21NKP8=
github.com/456vv/x/tcptest v0.0.0-20260630022949-0cb02e5dd3f8/go.mod h1:eBFILcRPOZsfy3dZ5KxrvpD+vg6ppTHDgtkPlwRCEiY=
github.com/456vv/x/ticker v0.0.0-20260629144613-00ba8754b9ff h1:B1ArNy6qOhWr2mhgMTiIwdmCCZ3nAyu7kFexsTYADbk=
github.com/456vv/x/ticker v0.0.0-20260629144613-00ba8754b9ff/go.mod h1:c1//DwOiYw/UPUJV8RUrYK1PCy5ED12pqe+td0UM2VU=
github.com/456vv/x/watch v0.0.0-20260629144613-00ba8754b9ff h1:xT1UbxxGVLPXLLrE/M12R+pn/sOMGWqzYurGHri7k6A=
github.com/456vv/x/watch v0.0.0-20260629144613-00ba8754b9ff/go.mod h1:T9WjAYuyCGyLnBhR6Da6OBTauUFwZzjy5HLGaw88Vok=
github.com/davecgh/go-spew v1.1.1 h1:vj9j/u1bqnvCEfJOwUhtlOARqs3+rkHYY13jYWTU97c=
github.com/davecgh/go-spew v1.1.1/go.mod h1:J7Y8YcW2NihsgmVo/mv3lAwl/skON4iLHjSsI+c5H38=
github.com/fsnotify/fsnotify v1.10.0 h1:Xx/5Ydg9CeBDX/wi4VJqStNtohYjitZhhlHt4h3St1M=
github.com/fsnotify/fsnotify v1.10.0/go.mod h1:TLheqan6HD6GBK6PrDWyDPBaEV8LspOxvPSjC+bVfgo=
github.com/golang/freetype v0.0.0-20170609003504-e2365dfdc4a0 h1:DACJavvAHhabrF08vX0COfcOBJRhZ8lUbR+ZWIs0Y5g=
github.com/golang/freetype v0.0.0-20170609003504-e2365dfdc4a0/go.mod h1:E/TSTwGwJL78qG/PmXZO1EjYhfJinVAhrmmHX6Z8B9k=
github.com/google/go-cmp v0.6.0 h1:ofyhxvXcZhMsU5ulbFiLKl/XBFqE1GSq7atu8tAmTRI=
github.com/google/go-cmp v0.6.0/go.mod h1:17dUlkBOakJ0+DkrSSNjCkIjxS6bF9zb3elmeNGIjoY=
github.com/goplus/ixgo v1.1.0 h1:Lrp3xTzN+xUsrb7H3bIsGMHna1GTmoCrljDhFBF8OOs=
github.com/goplus/ixgo v1.1.0/go.mod h1:fhd/bwm497c66k7hZJJ2WmmvPiKEAJUQR3f2oQiAANQ=
github.com/goplus/reflectx v1.7.0 h1:52l0Si+vDc6CvT7Y+h47h2QUs5HQp6qxPlmvLsMzo38=
github.com/goplus/reflectx v1.7.0/go.mod h1:EXX8KSPTmnb2W1PfyVkDC0Qwet0lYX2h2/S06Vhwrhw=
github.com/issue9/assert/v2 v2.3.2 h1:J8TxGeak/CvrMchXHjs9CFChsZvpX0hGE/HTnwT6L+8=
github.com/issue9/assert/v2 v2.3.2/go.mod h1:rKr1eVGzXUhAo2af1thiKAhIA8uiSK9Wyn7mcZ4BzAg=
github.com/issue9/assert/v4 v4.3.1 h1:dHYODk1yV7j/1baIB6K6UggI4r1Hfuljqic7PaDbwLg=
github.com/issue9/assert/v4 v4.3.1/go.mod h1:v7qDRXi7AsaZZNh8eAK2rkLJg5/clztqQGA1DRv9Lv4=
github.com/libp2p/go-reuseport v0.4.0 h1:nR5KU7hD0WxXCJbmw7r2rhRYruNRl2koHw8fQscQm2s=
github.com/libp2p/go-reuseport v0.4.0/go.mod h1:ZtI03j/wO5hZVDFo2jKywN6bYKWLOy8Se6DrI2E1cLU=
github.com/mattn/go-sqlite3 v1.14.47 h1:dW2FpyoO/EKZpbgWBlm+JTW6qFGYBL87Lwj40Dsq4n0=
github.com/mattn/go-sqlite3 v1.14.47/go.mod h1:6JTjA44L93a0QCyJef5YvlPoKXntQPjzWv5gtm9sB6w=
github.com/pelletier/go-toml/v2 v2.4.2 h1:M2fKKbmyvI+hGId/D0W64qDBMVhJnNR10O5gIbMc//Q=
github.com/pelletier/go-toml/v2 v2.4.2/go.mod h1:2gIqNv+qfxSVS7cM2xJQKtLSTLUE9V8t9Stt+h56mCY=
github.com/pmezard/go-difflib v1.0.0 h1:4DBwDE0NGyQoBHbLQYPwSUPoCMWR5BEzIk/f1lZbAQM=
github.com/pmezard/go-difflib v1.0.0/go.mod h1:iKH77koFhYxTK1pcRnkKkqfTogsbg7gZNVY4sRDYZ/4=
github.com/stretchr/testify v1.10.0 h1:Xv5erBjTwe/5IxqUQTdXv5kgmIvbHo3QQyRwhJsOfJA=
github.com/stretchr/testify v1.10.0/go.mod h1:r2ic/lqez/lEtzL7wO/rwa5dbSLXVDPFyf8C91i36aY=
github.com/tidwall/gjson v1.14.2/go.mod h1:/wbyibRr2FHMks5tjHJ5F8dMZh3AcwJEMf5vlfC0lxk=
github.com/tidwall/gjson v1.19.0 h1:xwxm7n691Uf3u5OFjzngavjGTh55KX5q/9w9xHW88JU=
github.com/tidwall/gjson v1.19.0/go.mod h1:V37/opeE/JbLUOfH0QTXiNez2l0RUjYUhpT4szFQAfc=
github.com/tidwall/match v1.1.1 h1:+Ho715JplO36QYgwN9PGYNhgZvoUSc9X2c80KVTi+GA=
github.com/tidwall/match v1.1.1/go.mod h1:eRSPERbgtNPcGhD8UCthc6PmLEQXEWd3PRB5JTxsfmM=
github.com/tidwall/pretty v1.2.0 h1:RWIZEg2iJ8/g6fDDYzMpobmaoGh5OLl4AXtGUGPcqCs=
github.com/tidwall/pretty v1.2.0/go.mod h1:ITEVvHYasfjBbM0u2Pg8T2nJnzm8xPwvNhhsoaGGjNU=
github.com/tidwall/sjson v1.2.5 h1:kLy8mja+1c9jlljvWTlSazM7cKDRfJuR/bOJhcY5NcY=
github.com/tidwall/sjson v1.2.5/go.mod h1:Fvgq9kS/6ociJEDnK0Fk1cpYF4FIW6ZF7LAe+6jwd28=
github.com/timandy/routine v1.1.5 h1:LSpm7Iijwb9imIPlucl4krpr2EeCeAUvifiQ9Uf5X+M=
github.com/timandy/routine v1.1.5/go.mod h1:kXslgIosdY8LW0byTyPnenDgn4/azt2euufAq9rK51w=
github.com/visualfc/funcval v0.1.4 h1:lAI88zQYfRzmC7mKF4+swXeCZvb8wb1f3lMSDRAY2mQ=
github.com/visualfc/funcval v0.1.4/go.mod h1:3Izv+irhArmrTvy+lmL6pIq16gSOzx73CIka51J9eR0=
github.com/visualfc/goembed v0.3.4 h1:foORJ0KT/pKwA23dStPFOtxaW7F96PnNSiLXHVXrfVk=
github.com/visualfc/goembed v0.3.4/go.mod h1:jCVCz/yTJGyslo6Hta+pYxWWBuq9ADCcIVZBTQ0/iVI=
github.com/visualfc/xtype v0.3.0 h1:K0Oo5XMcSjv+ohqn8L6RjgOZ9dNwfzPv3/AIV1SXRfA=
github.com/visualfc/xtype v0.3.0/go.mod h1:VYIH9S2bmdWKlBb7c725ES6yKF9+pyHBU2SFNqGVMGM=
golang.org/x/crypto v0.53.0 h1:QZ4Muo8THX6CizN2vPPd5fBGHyogrdK9fG4wLPFUsto=
golang.org/x/crypto v0.53.0/go.mod h1:DNLU434OwVakk9PzuwV8w62mAJpRJL3vsgcfp4Qnsio=
golang.org/x/image v0.43.0 h1:FLxcP4ec2350nTfOC8ysKtqYSIFbk/QGjw1ZHNP4tsY=
golang.org/x/image v0.43.0/go.mod h1:rrpelvGFt+kLPAjPM4HeWPgrl0FtafueU//e5N0qk/Q=
golang.org/x/mod v0.36.0 h1:JJjpVx6myfUsUdAzZuOSTTmRE0PfZeNWzzvKrP7amb4=
golang.org/x/mod v0.36.0/go.mod h1:moc6ELqsWcOw5Ef3xVprK5ul/MvtVvkIXLziUOICjUQ=
golang.org/x/net v0.56.0 h1:Rw8j/hFzGvJUZwNBXnAtf5sVDVt+65SK2C7IxCxZt5o=
golang.org/x/net v0.56.0/go.mod h1:D3Ku6r+V6JROoZK144D2XfMHFcMq/0zSfLelVTCFKec=
golang.org/x/sync v0.21.0 h1:HLII4xRRTtCRkxYp4HNFF0Js/Og6q2i++KXbg0gHCwM=
golang.org/x/sync v0.21.0/go.mod h1:9xrNwdLfx4jkKbNva9FpL6vEN7evnE43NNNJQ2LF3+0=
golang.org/x/sys v0.46.0 h1:noSf2Fq6F8DBgS+LysIkx7rIExoNHJsxOAtPp4rthXw=
golang.org/x/sys v0.46.0/go.mod h1:4GL1E5IUh+htKOUEOaiffhrAeqysfVGipDYzABqnCmw=
golang.org/x/text v0.38.0 h1:sXmwo9DwP3OK9EZ7PqAdaooSGozfl/3a6/xJcbzPRhE=
golang.org/x/text v0.38.0/go.mod h1:YXZt3QhHUKYT53r2lLKFIVi6Ao1jdzrTR/KQ09qyxF4=
golang.org/x/tools v0.45.0 h1:18qN3FAooORvApf5XjCXgsuayZOEtXf6JK18I3+ONa8=
golang.org/x/tools v0.45.0/go.mod h1:LuUGqqaXcXMEFEruIVJVm5mgDD8vww/z/SR1gQ4uE/0=
gopkg.in/check.v1 v0.0.0-20161208181325-20d25e280405 h1:yhCVgyC4o1eVCa2tZl7eS0r+SDo693bJlVdllGtEeKM=
gopkg.in/check.v1 v0.0.0-20161208181325-20d25e280405/go.mod h1:Co6ibVJAznAaIkqp8huTwlJQCZ016jof/cbN4VW5Yz0=
gopkg.in/yaml.v3 v3.0.1 h1:fxVm/GzAzEWqLHuvctI91KS9hhNmmWOoWu0XTYJS7CA=
gopkg.in/yaml.v3 v3.0.1/go.mod h1:K4uyk7z7BCEPqu6E+C64Yfv1cQ7kz7rIZviUmN+EgEM=
